
Microsoft Visual Studio Solution File, Format Version 12.00
# Visual Studio Version 17
VisualStudioVersion = 17.10.34916.146
MinimumVisualStudioVersion = 10.0.40219.1
Project("{FAE04EC0-301F-11D3-BF4B-00C04F79EFBC}") = "Dotnet.Server.MinimalAPI", "Dotnet.Server.MinimalAPI\Dotnet.Server.MinimalAPI.csproj", "{819218E4-0279-40B3-8976-F9143F6E5A3D}"
EndProject
Global
	GlobalSection(SolutionConfigurationPlatforms) = preSolution
		Debug|Any CPU = Debug|Any CPU
		Release|Any CPU = Release|Any CPU
	EndGlobalSection
	GlobalSection(ProjectConfigurationPlatforms) = postSolution
		{819218E4-0279-40B3-8976-F9143F6E5A3D}.Debug|Any CPU.ActiveCfg = Debug|Any CPU
		{819218E4-0279-40B3-8976-F9143F6E5A3D}.Debug|Any CPU.Build.0 = Debug|Any CPU
		{819218E4-0279-40B3-8976-F9143F6E5A3D}.Release|Any CPU.ActiveCfg = Release|Any CPU
		{819218E4-0279-40B3-8976-F9143F6E5A3D}.Release|Any CPU.Build.0 = Release|Any CPU
	EndGlobalSection
	GlobalSection(SolutionProperties) = preSolution
		HideSolutionNode = FALSE
	EndGlobalSection
	GlobalSection(ExtensibilityGlobals) = postSolution
		SolutionGuid = {B1E66580-7C0B-422E-8BE5-57DD60468617}
	EndGlobalSection
EndGlobal
